
Microsoft Visual Studio Solution File, Format Version 12.00
# Visual Studio Version 16
VisualStudioVersion = 16.0.31624.102
MinimumVisualStudioVersion = 10.0.40219.1
Project("{9A19103F-16F7-4668-BE54-9A1E7A4F7556}") = "Writer", "Writer\Writer.csproj", "{792EA3FB-0164-4CB9-89BD-6A4190FA317D}"
EndProject
Project("{FAE04EC0-301F-11D3-BF4B-00C04F79EFBC}") = "WriterTest", "WriterTest\WriterTest.csproj", "{449176D7-8F00-44EB-B9FD-141EAE2E9B98}"
EndProject
Global
	GlobalSection(SolutionConfigurationPlatforms) = preSolution
		Debug|Any CPU = Debug|Any CPU
		Release|Any CPU = Release|Any CPU
	EndGlobalSection
	GlobalSection(ProjectConfigurationPlatforms) = postSolution
		{792EA3FB-0164-4CB9-89BD-6A4190FA317D}.Debug|Any CPU.ActiveCfg = Debug|Any CPU
		{792EA3FB-0164-4CB9-89BD-6A4190FA317D}.Debug|Any CPU.Build.0 = Debug|Any CPU
		{792EA3FB-0164-4CB9-89BD-6A4190FA317D}.Release|Any CPU.ActiveCfg = Release|Any CPU
		{792EA3FB-0164-4CB9-89BD-6A4190FA317D}.Release|Any CPU.Build.0 = Release|Any CPU
		{449176D7-8F00-44EB-B9FD-141EAE2E9B98}.Debug|Any CPU.ActiveCfg = Debug|Any CPU
		{449176D7-8F00-44EB-B9FD-141EAE2E9B98}.Debug|Any CPU.Build.0 = Debug|Any CPU
		{449176D7-8F00-44EB-B9FD-141EAE2E9B98}.Release|Any CPU.ActiveCfg = Release|Any CPU
		{449176D7-8F00-44EB-B9FD-141EAE2E9B98}.Release|Any CPU.Build.0 = Release|Any CPU
	EndGlobalSection
	GlobalSection(SolutionProperties) = preSolution
		HideSolutionNode = FALSE
	EndGlobalSection
	GlobalSection(ExtensibilityGlobals) = postSolution
		SolutionGuid = {A262BDA7-EE69-40B1-B919-5D99FF9B8AB1}
	EndGlobalSection
EndGlobal
